
Microsoft Visual Studio Solution File, Format Version 12.00
# Visual Studio Version 17
VisualStudioVersion = 17.14.36414.22
MinimumVisualStudioVersion = 10.0.40219.1
Project("{FAE04EC0-301F-11D3-BF4B-00C04F79EFBC}") = "TutorHubBD.Web", "WebApplication1\TutorHubBD.Web.csproj", "{7EEB4D66-26E8-4113-8B26-FC8EC4DEF174}"
EndProject
Global
	GlobalSection(SolutionConfigurationPlatforms) = preSolution
		Debug|Any CPU = Debug|Any CPU
		Release|Any CPU = Release|Any CPU
	EndGlobalSection
	GlobalSection(ProjectConfigurationPlatforms) = postSolution
		{7EEB4D66-26E8-4113-8B26-FC8EC4DEF174}.Debug|Any CPU.ActiveCfg = Debug|Any CPU
		{7EEB4D66-26E8-4113-8B26-FC8EC4DEF174}.Debug|Any CPU.Build.0 = Debug|Any CPU
		{7EEB4D66-26E8-4113-8B26-FC8EC4DEF174}.Release|Any CPU.ActiveCfg = Release|Any CPU
		{7EEB4D66-26E8-4113-8B26-FC8EC4DEF174}.Release|Any CPU.Build.0 = Release|Any CPU
	EndGlobalSection
	GlobalSection(SolutionProperties) = preSolution
		HideSolutionNode = FALSE
	EndGlobalSection
	GlobalSection(ExtensibilityGlobals) = postSolution
		SolutionGuid = {913E0C11-A722-435D-8D73-9001CAECF672}
	EndGlobalSection
EndGlobal
